
Microsoft Visual Studio Solution File, Format Version 12.00
# Visual Studio Version 17
VisualStudioVersion = 17.4.33122.133
MinimumVisualStudioVersion = 10.0.40219.1
Project("{FAE04EC0-301F-11D3-BF4B-00C04F79EFBC}") = "13122022 tapsiriq 2", "13122022 tapsiriq 2.csproj", "{90A187E0-D876-42C6-ABC1-1C11247C8569}"
EndProject
Global
	GlobalSection(SolutionConfigurationPlatforms) = preSolution
		Debug|Any CPU = Debug|Any CPU
		Release|Any CPU = Release|Any CPU
	EndGlobalSection
	GlobalSection(ProjectConfigurationPlatforms) = postSolution
		{90A187E0-D876-42C6-ABC1-1C11247C8569}.Debug|Any CPU.ActiveCfg = Debug|Any CPU
		{90A187E0-D876-42C6-ABC1-1C11247C8569}.Debug|Any CPU.Build.0 = Debug|Any CPU
		{90A187E0-D876-42C6-ABC1-1C11247C8569}.Release|Any CPU.ActiveCfg = Release|Any CPU
		{90A187E0-D876-42C6-ABC1-1C11247C8569}.Release|Any CPU.Build.0 = Release|Any CPU
	EndGlobalSection
	GlobalSection(SolutionProperties) = preSolution
		HideSolutionNode = FALSE
	EndGlobalSection
	GlobalSection(ExtensibilityGlobals) = postSolution
		SolutionGuid = {58773D2D-D15B-4187-A538-505D710FEB52}
	EndGlobalSection
EndGlobal
