
Microsoft Visual Studio Solution File, Format Version 12.00
# Visual Studio Version 17
VisualStudioVersion = 17.4.33122.133
MinimumVisualStudioVersion = 10.0.40219.1
Project("{FAE04EC0-301F-11D3-BF4B-00C04F79EFBC}") = "3 ev tapsirigi 13122022", "3 ev tapsirigi 13122022.csproj", "{0D1FBEDB-3948-4B9D-B17B-DC3F98CEE19B}"
EndProject
Global
	GlobalSection(SolutionConfigurationPlatforms) = preSolution
		Debug|Any CPU = Debug|Any CPU
		Release|Any CPU = Release|Any CPU
	EndGlobalSection
	GlobalSection(ProjectConfigurationPlatforms) = postSolution
		{0D1FBEDB-3948-4B9D-B17B-DC3F98CEE19B}.Debug|Any CPU.ActiveCfg = Debug|Any CPU
		{0D1FBEDB-3948-4B9D-B17B-DC3F98CEE19B}.Debug|Any CPU.Build.0 = Debug|Any CPU
		{0D1FBEDB-3948-4B9D-B17B-DC3F98CEE19B}.Release|Any CPU.ActiveCfg = Release|Any CPU
		{0D1FBEDB-3948-4B9D-B17B-DC3F98CEE19B}.Release|Any CPU.Build.0 = Release|Any CPU
	EndGlobalSection
	GlobalSection(SolutionProperties) = preSolution
		HideSolutionNode = FALSE
	EndGlobalSection
	GlobalSection(ExtensibilityGlobals) = postSolution
		SolutionGuid = {480B945D-2348-4C3A-B754-F10B221EA7F2}
	EndGlobalSection
EndGlobal
